
Microsoft Visual Studio Solution File, Format Version 12.00
# Visual Studio Version 16
VisualStudioVersion = 16.0.31025.218
MinimumVisualStudioVersion = 10.0.40219.1
Project("{FAE04EC0-301F-11D3-BF4B-00C04F79EFBC}") = "TRexWebApi", "TRexWebApi.csproj", "{FEFE2318-7B7B-49A6-A2A6-5874A3FD7615}"
EndProject
Global
	GlobalSection(SolutionConfigurationPlatforms) = preSolution
		Debug|Any CPU = Debug|Any CPU
		Release|Any CPU = Release|Any CPU
	EndGlobalSection
	GlobalSection(ProjectConfigurationPlatforms) = postSolution
		{FEFE2318-7B7B-49A6-A2A6-5874A3FD7615}.Debug|Any CPU.ActiveCfg = Debug|Any CPU
		{FEFE2318-7B7B-49A6-A2A6-5874A3FD7615}.Debug|Any CPU.Build.0 = Debug|Any CPU
		{FEFE2318-7B7B-49A6-A2A6-5874A3FD7615}.Release|Any CPU.ActiveCfg = Release|Any CPU
		{FEFE2318-7B7B-49A6-A2A6-5874A3FD7615}.Release|Any CPU.Build.0 = Release|Any CPU
	EndGlobalSection
	GlobalSection(SolutionProperties) = preSolution
		HideSolutionNode = FALSE
	EndGlobalSection
	GlobalSection(ExtensibilityGlobals) = postSolution
		SolutionGuid = {B983A662-C130-4AC6-A72A-CA0CE780A3EE}
	EndGlobalSection
EndGlobal
